
Microsoft Visual Studio Solution File, Format Version 12.00
# Visual Studio Version 16
VisualStudioVersion = 16.0.31105.61
MinimumVisualStudioVersion = 10.0.40219.1
Project("{FAE04EC0-301F-11D3-BF4B-00C04F79EFBC}") = "Workflow Test", "Workflow Test\Workflow Test.csproj", "{D7FDF174-EE65-4AB1-B016-AD85CE52F14D}"
EndProject
Global
	GlobalSection(SolutionConfigurationPlatforms) = preSolution
		Debug|Any CPU = Debug|Any CPU
		Release|Any CPU = Release|Any CPU
	EndGlobalSection
	GlobalSection(ProjectConfigurationPlatforms) = postSolution
		{D7FDF174-EE65-4AB1-B016-AD85CE52F14D}.Debug|Any CPU.ActiveCfg = Debug|Any CPU
		{D7FDF174-EE65-4AB1-B016-AD85CE52F14D}.Debug|Any CPU.Build.0 = Debug|Any CPU
		{D7FDF174-EE65-4AB1-B016-AD85CE52F14D}.Release|Any CPU.ActiveCfg = Release|Any CPU
		{D7FDF174-EE65-4AB1-B016-AD85CE52F14D}.Release|Any CPU.Build.0 = Release|Any CPU
	EndGlobalSection
	GlobalSection(SolutionProperties) = preSolution
		HideSolutionNode = FALSE
	EndGlobalSection
	GlobalSection(ExtensibilityGlobals) = postSolution
		SolutionGuid = {42D9EE24-15C1-429C-90E4-8540B135631A}
	EndGlobalSection
EndGlobal
